
Microsoft Visual Studio Solution File, Format Version 12.00
# Visual Studio Version 17
VisualStudioVersion = 17.6.33723.286
MinimumVisualStudioVersion = 10.0.40219.1
Project("{9A19103F-16F7-4668-BE54-9A1E7A4F7556}") = "HelloCS", "HelloCS\HelloCS.csproj", "{05D58D50-3B7B-4F60-AD57-FC69D861DA79}"
EndProject
Project("{FAE04EC0-301F-11D3-BF4B-00C04F79EFBC}") = "AboutMyEnvironment", "AboutMyEnvironment\AboutMyEnvironment.csproj", "{62D842C8-BE77-4D19-88D8-D7D0CF7F29D1}"
EndProject
Global
	GlobalSection(SolutionConfigurationPlatforms) = preSolution
		Debug|Any CPU = Debug|Any CPU
		Release|Any CPU = Release|Any CPU
	EndGlobalSection
	GlobalSection(ProjectConfigurationPlatforms) = postSolution
		{05D58D50-3B7B-4F60-AD57-FC69D861DA79}.Debug|Any CPU.ActiveCfg = Debug|Any CPU
		{05D58D50-3B7B-4F60-AD57-FC69D861DA79}.Debug|Any CPU.Build.0 = Debug|Any CPU
		{05D58D50-3B7B-4F60-AD57-FC69D861DA79}.Release|Any CPU.ActiveCfg = Release|Any CPU
		{05D58D50-3B7B-4F60-AD57-FC69D861DA79}.Release|Any CPU.Build.0 = Release|Any CPU
		{62D842C8-BE77-4D19-88D8-D7D0CF7F29D1}.Debug|Any CPU.ActiveCfg = Debug|Any CPU
		{62D842C8-BE77-4D19-88D8-D7D0CF7F29D1}.Debug|Any CPU.Build.0 = Debug|Any CPU
		{62D842C8-BE77-4D19-88D8-D7D0CF7F29D1}.Release|Any CPU.ActiveCfg = Release|Any CPU
		{62D842C8-BE77-4D19-88D8-D7D0CF7F29D1}.Release|Any CPU.Build.0 = Release|Any CPU
	EndGlobalSection
	GlobalSection(SolutionProperties) = preSolution
		HideSolutionNode = FALSE
	EndGlobalSection
	GlobalSection(ExtensibilityGlobals) = postSolution
		SolutionGuid = {B31D33E4-6CE4-439F-A357-631D9290708A}
	EndGlobalSection
EndGlobal
